
Microsoft Visual Studio Solution File, Format Version 12.00
# Visual Studio Version 17
VisualStudioVersion = 17.7.34031.279
MinimumVisualStudioVersion = 10.0.40219.1
Project("{9A19103F-16F7-4668-BE54-9A1E7A4F7556}") = "WebTutor", "WebTutor.csproj", "{C532DEB0-228E-48D2-B6F7-AC18FBD8B0DC}"
EndProject
Global
	GlobalSection(SolutionConfigurationPlatforms) = preSolution
		Debug|Any CPU = Debug|Any CPU
		Release|Any CPU = Release|Any CPU
	EndGlobalSection
	GlobalSection(ProjectConfigurationPlatforms) = postSolution
		{C532DEB0-228E-48D2-B6F7-AC18FBD8B0DC}.Debug|Any CPU.ActiveCfg = Debug|Any CPU
		{C532DEB0-228E-48D2-B6F7-AC18FBD8B0DC}.Debug|Any CPU.Build.0 = Debug|Any CPU
		{C532DEB0-228E-48D2-B6F7-AC18FBD8B0DC}.Release|Any CPU.ActiveCfg = Release|Any CPU
		{C532DEB0-228E-48D2-B6F7-AC18FBD8B0DC}.Release|Any CPU.Build.0 = Release|Any CPU
	EndGlobalSection
	GlobalSection(SolutionProperties) = preSolution
		HideSolutionNode = FALSE
	EndGlobalSection
	GlobalSection(ExtensibilityGlobals) = postSolution
		SolutionGuid = {F1264332-5B6B-415F-B38D-20E43E3BE8D5}
	EndGlobalSection
EndGlobal
